
Microsoft Visual Studio Solution File, Format Version 12.00
# Visual Studio Version 17
VisualStudioVersion = 17.3.32901.215
MinimumVisualStudioVersion = 10.0.40219.1
Project("{9A19103F-16F7-4668-BE54-9A1E7A4F7556}") = "tugas akhir", "tugas akhir\tugas akhir.csproj", "{990D7684-CCF2-41DA-B129-157E2DA48E53}"
EndProject
Project("{2150E333-8FDC-42A3-9474-1A3956D46DE8}") = "Solution Items", "Solution Items", "{EAE93B34-CCA5-4487-A4CC-C5F2593B91F1}"
	ProjectSection(SolutionItems) = preProject
		.editorconfig = .editorconfig
	EndProjectSection
EndProject
Global
	GlobalSection(SolutionConfigurationPlatforms) = preSolution
		Debug|Any CPU = Debug|Any CPU
		Release|Any CPU = Release|Any CPU
	EndGlobalSection
	GlobalSection(ProjectConfigurationPlatforms) = postSolution
		{990D7684-CCF2-41DA-B129-157E2DA48E53}.Debug|Any CPU.ActiveCfg = Debug|Any CPU
		{990D7684-CCF2-41DA-B129-157E2DA48E53}.Debug|Any CPU.Build.0 = Debug|Any CPU
		{990D7684-CCF2-41DA-B129-157E2DA48E53}.Release|Any CPU.ActiveCfg = Release|Any CPU
		{990D7684-CCF2-41DA-B129-157E2DA48E53}.Release|Any CPU.Build.0 = Release|Any CPU
	EndGlobalSection
	GlobalSection(SolutionProperties) = preSolution
		HideSolutionNode = FALSE
	EndGlobalSection
	GlobalSection(ExtensibilityGlobals) = postSolution
		SolutionGuid = {3C1C1721-EDCC-455B-B6CD-D55E051CDD49}
	EndGlobalSection
EndGlobal
